
Microsoft Visual Studio Solution File, Format Version 12.00
# Visual Studio Version 16
VisualStudioVersion = 16.0.29613.14
MinimumVisualStudioVersion = 10.0.40219.1
Project("{9A19103F-16F7-4668-BE54-9A1E7A4F7556}") = "TemplateMethodDemo", "TemplateMethodDemo\TemplateMethodDemo.csproj", "{A0C6F211-C5A3-4587-9EB1-E43B4E1A45D8}"
EndProject
Project("{9A19103F-16F7-4668-BE54-9A1E7A4F7556}") = "TemplateMethodDemo.Tests", "TemplateMethodDemo.Tests\TemplateMethodDemo.Tests.csproj", "{F5D063BD-9B12-4D7C-AA2B-95D9078C909B}"
EndProject
Project("{9A19103F-16F7-4668-BE54-9A1E7A4F7556}") = "Filters.Advanced.ToBeBontinue", "Filters.Advanced.ToBeContinue\Filters.Advanced.ToBeBontinue.csproj", "{24153C90-A723-4D9E-AF38-DBFE11874589}"
EndProject
Project("{FAE04EC0-301F-11D3-BF4B-00C04F79EFBC}") = "TransformerToWords", "TransformerToWords\TransformerToWords.csproj", "{26EFCAEA-5BEA-4500-89CC-95CD097E17F3}"
EndProject
Project("{FAE04EC0-301F-11D3-BF4B-00C04F79EFBC}") = "TransformerToWords.Tests", "TransformerToWords.Tests\TransformerToWords.Tests.csproj", "{5861B91F-8438-4D68-A7F0-1719756BA3CF}"
EndProject
Global
	GlobalSection(SolutionConfigurationPlatforms) = preSolution
		Debug|Any CPU = Debug|Any CPU
		Release|Any CPU = Release|Any CPU
	EndGlobalSection
	GlobalSection(ProjectConfigurationPlatforms) = postSolution
		{A0C6F211-C5A3-4587-9EB1-E43B4E1A45D8}.Debug|Any CPU.ActiveCfg = Debug|Any CPU
		{A0C6F211-C5A3-4587-9EB1-E43B4E1A45D8}.Debug|Any CPU.Build.0 = Debug|Any CPU
		{A0C6F211-C5A3-4587-9EB1-E43B4E1A45D8}.Release|Any CPU.ActiveCfg = Release|Any CPU
		{A0C6F211-C5A3-4587-9EB1-E43B4E1A45D8}.Release|Any CPU.Build.0 = Release|Any CPU
		{F5D063BD-9B12-4D7C-AA2B-95D9078C909B}.Debug|Any CPU.ActiveCfg = Debug|Any CPU
		{F5D063BD-9B12-4D7C-AA2B-95D9078C909B}.Debug|Any CPU.Build.0 = Debug|Any CPU
		{F5D063BD-9B12-4D7C-AA2B-95D9078C909B}.Release|Any CPU.ActiveCfg = Release|Any CPU
		{F5D063BD-9B12-4D7C-AA2B-95D9078C909B}.Release|Any CPU.Build.0 = Release|Any CPU
		{24153C90-A723-4D9E-AF38-DBFE11874589}.Debug|Any CPU.ActiveCfg = Debug|Any CPU
		{24153C90-A723-4D9E-AF38-DBFE11874589}.Debug|Any CPU.Build.0 = Debug|Any CPU
		{24153C90-A723-4D9E-AF38-DBFE11874589}.Release|Any CPU.ActiveCfg = Release|Any CPU
		{24153C90-A723-4D9E-AF38-DBFE11874589}.Release|Any CPU.Build.0 = Release|Any CPU
		{26EFCAEA-5BEA-4500-89CC-95CD097E17F3}.Debug|Any CPU.ActiveCfg = Debug|Any CPU
		{26EFCAEA-5BEA-4500-89CC-95CD097E17F3}.Debug|Any CPU.Build.0 = Debug|Any CPU
		{26EFCAEA-5BEA-4500-89CC-95CD097E17F3}.Release|Any CPU.ActiveCfg = Release|Any CPU
		{26EFCAEA-5BEA-4500-89CC-95CD097E17F3}.Release|Any CPU.Build.0 = Release|Any CPU
		{5861B91F-8438-4D68-A7F0-1719756BA3CF}.Debug|Any CPU.ActiveCfg = Debug|Any CPU
		{5861B91F-8438-4D68-A7F0-1719756BA3CF}.Debug|Any CPU.Build.0 = Debug|Any CPU
		{5861B91F-8438-4D68-A7F0-1719756BA3CF}.Release|Any CPU.ActiveCfg = Release|Any CPU
		{5861B91F-8438-4D68-A7F0-1719756BA3CF}.Release|Any CPU.Build.0 = Release|Any CPU
	EndGlobalSection
	GlobalSection(SolutionProperties) = preSolution
		HideSolutionNode = FALSE
	EndGlobalSection
	GlobalSection(ExtensibilityGlobals) = postSolution
		SolutionGuid = {E457B32D-C547-4467-A8BD-0C588EAE1495}
	EndGlobalSection
EndGlobal
